
Microsoft Visual Studio Solution File, Format Version 12.00
# Visual Studio 15
VisualStudioVersion = 15.0.26730.16
MinimumVisualStudioVersion = 10.0.40219.1
Project("{2150E333-8FDC-42A3-9474-1A3956D46DE8}") = "Solution Items", "Solution Items", "{9CCC1795-2163-439A-80B9-01A98BFF43B7}"
	ProjectSection(SolutionItems) = preProject
		.gitignore = .gitignore
	EndProjectSection
EndProject
Project("{9A19103F-16F7-4668-BE54-9A1E7A4F7556}") = "MultiCreditCard.Api", "MultiCreditCard.Api\MultiCreditCard.Api.csproj", "{F39560F3-5E79-4962-877E-E10BF246A53E}"
EndProject
Project("{9A19103F-16F7-4668-BE54-9A1E7A4F7556}") = "MultiCreditCard.Query", "MultiCreditCard.Query\MultiCreditCard.Query.csproj", "{8AA7772D-4639-4474-A056-5C1FA2BF2EF4}"
EndProject
Project("{2150E333-8FDC-42A3-9474-1A3956D46DE8}") = "1.Api", "1.Api", "{8A7E05D9-2B95-4B38-855A-815E72E5BB56}"
EndProject
Project("{2150E333-8FDC-42A3-9474-1A3956D46DE8}") = "2.Application", "2.Application", "{C3751BC7-4CD0-448B-9518-334060A62282}"
EndProject
Project("{2150E333-8FDC-42A3-9474-1A3956D46DE8}") = "3.Domain", "3.Domain", "{6C7FD89F-97CB-49F5-879F-1C1C72D55C7B}"
EndProject
Project("{2150E333-8FDC-42A3-9474-1A3956D46DE8}") = "4.Infra", "4.Infra", "{5717FB18-A7E7-4B1B-BE03-F2940EC5EF0B}"
EndProject
Project("{9A19103F-16F7-4668-BE54-9A1E7A4F7556}") = "MultiCreditCard.Query.Test", "MultiCreditCard.Query.Test\MultiCreditCard.Query.Test.csproj", "{D5A23EB5-9AB3-406B-99D2-29722B3B3FDD}"
EndProject
Project("{2150E333-8FDC-42A3-9474-1A3956D46DE8}") = "Command", "Command", "{6DD51A3E-4600-4267-86FE-97F6F0501F9C}"
EndProject
Project("{2150E333-8FDC-42A3-9474-1A3956D46DE8}") = "Query", "Query", "{680050A1-1996-425B-B0DF-12974F1BF072}"
EndProject
Project("{2150E333-8FDC-42A3-9474-1A3956D46DE8}") = "Common", "Common", "{7A9DB4ED-EAB0-4E50-8705-C173EC593389}"
EndProject
Project("{9A19103F-16F7-4668-BE54-9A1E7A4F7556}") = "MultiCreditCard.Application.Common", "MultiCreditCard.Application.Common\MultiCreditCard.Application.Common.csproj", "{3A308791-141E-405D-ACE6-974661528982}"
EndProject
Project("{2150E333-8FDC-42A3-9474-1A3956D46DE8}") = "User", "User", "{12BFF95E-5C43-4707-B129-F33A2876872F}"
EndProject
Project("{2150E333-8FDC-42A3-9474-1A3956D46DE8}") = "CreditCard", "CreditCard", "{46F93189-CBEB-4D2A-BBF5-0938A94719EB}"
EndProject
Project("{2150E333-8FDC-42A3-9474-1A3956D46DE8}") = "Wallet", "Wallet", "{943B59B9-6C0A-41D3-88F1-42D9FF08EC76}"
EndProject
Project("{2150E333-8FDC-42A3-9474-1A3956D46DE8}") = "User", "User", "{2CBDFD4C-4515-4DD7-A240-45FB3693E799}"
EndProject
Project("{9A19103F-16F7-4668-BE54-9A1E7A4F7556}") = "MultiCreditCard.Infra.IoC", "MultiCreditCard.Infra.IoC\MultiCreditCard.Infra.IoC.csproj", "{00C7EAE7-35FA-4486-8F45-1E2ECE64FB7E}"
EndProject
Project("{9A19103F-16F7-4668-BE54-9A1E7A4F7556}") = "MultiCreditCard.Users.Domain", "User\MultiCreditCard.Users.Domain\MultiCreditCard.Users.Domain.csproj", "{6A27DF7F-42D0-434F-BB89-DB437EA7510F}"
EndProject
Project("{2150E333-8FDC-42A3-9474-1A3956D46DE8}") = "User", "User", "{4E610262-33E1-46CF-87FC-FAF6D81B8E19}"
EndProject
Project("{9A19103F-16F7-4668-BE54-9A1E7A4F7556}") = "MultiCreditCard.Users.Command", "User\MultiCreditCard.Users.Command\MultiCreditCard.Users.Command.csproj", "{DBE1753A-E8F6-4471-A078-E88A19A510D7}"
EndProject
Project("{FAE04EC0-301F-11D3-BF4B-00C04F79EFBC}") = "MultiCreditCard.Users.Command.Test", "User\MultiCreditCard.Users.Command.Test\MultiCreditCard.Users.Command.Test.csproj", "{CBB715A2-BE73-47AE-AB66-C35A8B4F5D38}"
EndProject
Project("{9A19103F-16F7-4668-BE54-9A1E7A4F7556}") = "MultiCreditCard.Users.Infra.Data", "User\MultiCreditCard.Users.Infra.Data\MultiCreditCard.Users.Infra.Data.csproj", "{784DDF78-9D87-4A09-A6D2-962F8D7F0924}"
EndProject
Project("{9A19103F-16F7-4668-BE54-9A1E7A4F7556}") = "MultiCreditCard.Infra.Data.Mongo", "MultiCreditCard.Infra.Data.Mongo\MultiCreditCard.Infra.Data.Mongo.csproj", "{3DE0D136-9417-4DD9-A894-5CC4E57439DA}"
EndProject
Project("{9A19103F-16F7-4668-BE54-9A1E7A4F7556}") = "MultiCreditCard.Wallets.Domain", "Wallet\MultiCreditCard.Wallets.Domain\MultiCreditCard.Wallets.Domain.csproj", "{5813CA0E-11A2-4902-B65C-EB88B76CC3E9}"
EndProject
Project("{9A19103F-16F7-4668-BE54-9A1E7A4F7556}") = "MultiCreditCard.Users.Domain.Test", "User\MultiCreditCard.Users.Domain.Test\MultiCreditCard.Users.Domain.Test.csproj", "{2367C5A8-81D5-4108-87CE-DDC8F7C85EDD}"
EndProject
Project("{9A19103F-16F7-4668-BE54-9A1E7A4F7556}") = "MultiCreditCard.CreditCards.Domain", "CreditCard\MultiCreditCard.CreditCards.Domain\MultiCreditCard.CreditCards.Domain.csproj", "{2169D157-7C25-423C-B026-D194F775F05A}"
EndProject
Project("{9A19103F-16F7-4668-BE54-9A1E7A4F7556}") = "MultiCreditCard.CreditCards.Domain.Test", "CreditCard\MultiCreditCard.CreditCards.Domain.Test\MultiCreditCard.CreditCards.Domain.Test.csproj", "{51EE48D5-4383-48DA-B308-6AE06989CA0A}"
EndProject
Project("{FAE04EC0-301F-11D3-BF4B-00C04F79EFBC}") = "MultiCreditCard.Wallets.Domain.Test", "MultiCreditCard.Wallets.Domain.Test\MultiCreditCard.Wallets.Domain.Test.csproj", "{26DB8827-BBB3-4289-ADC7-0150A4CF2108}"
EndProject
Global
	GlobalSection(SolutionConfigurationPlatforms) = preSolution
		Debug|Any CPU = Debug|Any CPU
		Release|Any CPU = Release|Any CPU
	EndGlobalSection
	GlobalSection(ProjectConfigurationPlatforms) = postSolution
		{F39560F3-5E79-4962-877E-E10BF246A53E}.Debug|Any CPU.ActiveCfg = Debug|Any CPU
		{F39560F3-5E79-4962-877E-E10BF246A53E}.Debug|Any CPU.Build.0 = Debug|Any CPU
		{F39560F3-5E79-4962-877E-E10BF246A53E}.Release|Any CPU.ActiveCfg = Release|Any CPU
		{F39560F3-5E79-4962-877E-E10BF246A53E}.Release|Any CPU.Build.0 = Release|Any CPU
		{8AA7772D-4639-4474-A056-5C1FA2BF2EF4}.Debug|Any CPU.ActiveCfg = Debug|Any CPU
		{8AA7772D-4639-4474-A056-5C1FA2BF2EF4}.Debug|Any CPU.Build.0 = Debug|Any CPU
		{8AA7772D-4639-4474-A056-5C1FA2BF2EF4}.Release|Any CPU.ActiveCfg = Release|Any CPU
		{8AA7772D-4639-4474-A056-5C1FA2BF2EF4}.Release|Any CPU.Build.0 = Release|Any CPU
		{D5A23EB5-9AB3-406B-99D2-29722B3B3FDD}.Debug|Any CPU.ActiveCfg = Debug|Any CPU
		{D5A23EB5-9AB3-406B-99D2-29722B3B3FDD}.Debug|Any CPU.Build.0 = Debug|Any CPU
		{D5A23EB5-9AB3-406B-99D2-29722B3B3FDD}.Release|Any CPU.ActiveCfg = Release|Any CPU
		{D5A23EB5-9AB3-406B-99D2-29722B3B3FDD}.Release|Any CPU.Build.0 = Release|Any CPU
		{3A308791-141E-405D-ACE6-974661528982}.Debug|Any CPU.ActiveCfg = Debug|Any CPU
		{3A308791-141E-405D-ACE6-974661528982}.Debug|Any CPU.Build.0 = Debug|Any CPU
		{3A308791-141E-405D-ACE6-974661528982}.Release|Any CPU.ActiveCfg = Release|Any CPU
		{3A308791-141E-405D-ACE6-974661528982}.Release|Any CPU.Build.0 = Release|Any CPU
		{00C7EAE7-35FA-4486-8F45-1E2ECE64FB7E}.Debug|Any CPU.ActiveCfg = Debug|Any CPU
		{00C7EAE7-35FA-4486-8F45-1E2ECE64FB7E}.Debug|Any CPU.Build.0 = Debug|Any CPU
		{00C7EAE7-35FA-4486-8F45-1E2ECE64FB7E}.Release|Any CPU.ActiveCfg = Release|Any CPU
		{00C7EAE7-35FA-4486-8F45-1E2ECE64FB7E}.Release|Any CPU.Build.0 = Release|Any CPU
		{6A27DF7F-42D0-434F-BB89-DB437EA7510F}.Debug|Any CPU.ActiveCfg = Debug|Any CPU
		{6A27DF7F-42D0-434F-BB89-DB437EA7510F}.Debug|Any CPU.Build.0 = Debug|Any CPU
		{6A27DF7F-42D0-434F-BB89-DB437EA7510F}.Release|Any CPU.ActiveCfg = Release|Any CPU
		{6A27DF7F-42D0-434F-BB89-DB437EA7510F}.Release|Any CPU.Build.0 = Release|Any CPU
		{DBE1753A-E8F6-4471-A078-E88A19A510D7}.Debug|Any CPU.ActiveCfg = Debug|Any CPU
		{DBE1753A-E8F6-4471-A078-E88A19A510D7}.Debug|Any CPU.Build.0 = Debug|Any CPU
		{DBE1753A-E8F6-4471-A078-E88A19A510D7}.Release|Any CPU.ActiveCfg = Release|Any CPU
		{DBE1753A-E8F6-4471-A078-E88A19A510D7}.Release|Any CPU.Build.0 = Release|Any CPU
		{CBB715A2-BE73-47AE-AB66-C35A8B4F5D38}.Debug|Any CPU.ActiveCfg = Debug|Any CPU
		{CBB715A2-BE73-47AE-AB66-C35A8B4F5D38}.Debug|Any CPU.Build.0 = Debug|Any CPU
		{CBB715A2-BE73-47AE-AB66-C35A8B4F5D38}.Release|Any CPU.ActiveCfg = Release|Any CPU
		{CBB715A2-BE73-47AE-AB66-C35A8B4F5D38}.Release|Any CPU.Build.0 = Release|Any CPU
		{784DDF78-9D87-4A09-A6D2-962F8D7F0924}.Debug|Any CPU.ActiveCfg = Debug|Any CPU
		{784DDF78-9D87-4A09-A6D2-962F8D7F0924}.Debug|Any CPU.Build.0 = Debug|Any CPU
		{784DDF78-9D87-4A09-A6D2-962F8D7F0924}.Release|Any CPU.ActiveCfg = Release|Any CPU
		{784DDF78-9D87-4A09-A6D2-962F8D7F0924}.Release|Any CPU.Build.0 = Release|Any CPU
		{3DE0D136-9417-4DD9-A894-5CC4E57439DA}.Debug|Any CPU.ActiveCfg = Debug|Any CPU
		{3DE0D136-9417-4DD9-A894-5CC4E57439DA}.Debug|Any CPU.Build.0 = Debug|Any CPU
		{3DE0D136-9417-4DD9-A894-5CC4E57439DA}.Release|Any CPU.ActiveCfg = Release|Any CPU
		{3DE0D136-9417-4DD9-A894-5CC4E57439DA}.Release|Any CPU.Build.0 = Release|Any CPU
		{5813CA0E-11A2-4902-B65C-EB88B76CC3E9}.Debug|Any CPU.ActiveCfg = Debug|Any CPU
		{5813CA0E-11A2-4902-B65C-EB88B76CC3E9}.Debug|Any CPU.Build.0 = Debug|Any CPU
		{5813CA0E-11A2-4902-B65C-EB88B76CC3E9}.Release|Any CPU.ActiveCfg = Release|Any CPU
		{5813CA0E-11A2-4902-B65C-EB88B76CC3E9}.Release|Any CPU.Build.0 = Release|Any CPU
		{2367C5A8-81D5-4108-87CE-DDC8F7C85EDD}.Debug|Any CPU.ActiveCfg = Debug|Any CPU
		{2367C5A8-81D5-4108-87CE-DDC8F7C85EDD}.Debug|Any CPU.Build.0 = Debug|Any CPU
		{2367C5A8-81D5-4108-87CE-DDC8F7C85EDD}.Release|Any CPU.ActiveCfg = Release|Any CPU
		{2367C5A8-81D5-4108-87CE-DDC8F7C85EDD}.Release|Any CPU.Build.0 = Release|Any CPU
		{2169D157-7C25-423C-B026-D194F775F05A}.Debug|Any CPU.ActiveCfg = Debug|Any CPU
		{2169D157-7C25-423C-B026-D194F775F05A}.Debug|Any CPU.Build.0 = Debug|Any CPU
		{2169D157-7C25-423C-B026-D194F775F05A}.Release|Any CPU.ActiveCfg = Release|Any CPU
		{2169D157-7C25-423C-B026-D194F775F05A}.Release|Any CPU.Build.0 = Release|Any CPU
		{51EE48D5-4383-48DA-B308-6AE06989CA0A}.Debug|Any CPU.ActiveCfg = Debug|Any CPU
		{51EE48D5-4383-48DA-B308-6AE06989CA0A}.Debug|Any CPU.Build.0 = Debug|Any CPU
		{51EE48D5-4383-48DA-B308-6AE06989CA0A}.Release|Any CPU.ActiveCfg = Release|Any CPU
		{51EE48D5-4383-48DA-B308-6AE06989CA0A}.Release|Any CPU.Build.0 = Release|Any CPU
		{26DB8827-BBB3-4289-ADC7-0150A4CF2108}.Debug|Any CPU.ActiveCfg = Debug|Any CPU
		{26DB8827-BBB3-4289-ADC7-0150A4CF2108}.Debug|Any CPU.Build.0 = Debug|Any CPU
		{26DB8827-BBB3-4289-ADC7-0150A4CF2108}.Release|Any CPU.ActiveCfg = Release|Any CPU
		{26DB8827-BBB3-4289-ADC7-0150A4CF2108}.Release|Any CPU.Build.0 = Release|Any CPU
	EndGlobalSection
	GlobalSection(SolutionProperties) = preSolution
		HideSolutionNode = FALSE
	EndGlobalSection
	GlobalSection(NestedProjects) = preSolution
		{F39560F3-5E79-4962-877E-E10BF246A53E} = {8A7E05D9-2B95-4B38-855A-815E72E5BB56}
		{8AA7772D-4639-4474-A056-5C1FA2BF2EF4} = {680050A1-1996-425B-B0DF-12974F1BF072}
		{D5A23EB5-9AB3-406B-99D2-29722B3B3FDD} = {680050A1-1996-425B-B0DF-12974F1BF072}
		{6DD51A3E-4600-4267-86FE-97F6F0501F9C} = {C3751BC7-4CD0-448B-9518-334060A62282}
		{680050A1-1996-425B-B0DF-12974F1BF072} = {C3751BC7-4CD0-448B-9518-334060A62282}
		{7A9DB4ED-EAB0-4E50-8705-C173EC593389} = {C3751BC7-4CD0-448B-9518-334060A62282}
		{3A308791-141E-405D-ACE6-974661528982} = {7A9DB4ED-EAB0-4E50-8705-C173EC593389}
		{12BFF95E-5C43-4707-B129-F33A2876872F} = {6C7FD89F-97CB-49F5-879F-1C1C72D55C7B}
		{46F93189-CBEB-4D2A-BBF5-0938A94719EB} = {6C7FD89F-97CB-49F5-879F-1C1C72D55C7B}
		{943B59B9-6C0A-41D3-88F1-42D9FF08EC76} = {6C7FD89F-97CB-49F5-879F-1C1C72D55C7B}
		{2CBDFD4C-4515-4DD7-A240-45FB3693E799} = {5717FB18-A7E7-4B1B-BE03-F2940EC5EF0B}
		{00C7EAE7-35FA-4486-8F45-1E2ECE64FB7E} = {5717FB18-A7E7-4B1B-BE03-F2940EC5EF0B}
		{6A27DF7F-42D0-434F-BB89-DB437EA7510F} = {12BFF95E-5C43-4707-B129-F33A2876872F}
		{4E610262-33E1-46CF-87FC-FAF6D81B8E19} = {6DD51A3E-4600-4267-86FE-97F6F0501F9C}
		{DBE1753A-E8F6-4471-A078-E88A19A510D7} = {4E610262-33E1-46CF-87FC-FAF6D81B8E19}
		{CBB715A2-BE73-47AE-AB66-C35A8B4F5D38} = {4E610262-33E1-46CF-87FC-FAF6D81B8E19}
		{784DDF78-9D87-4A09-A6D2-962F8D7F0924} = {2CBDFD4C-4515-4DD7-A240-45FB3693E799}
		{3DE0D136-9417-4DD9-A894-5CC4E57439DA} = {5717FB18-A7E7-4B1B-BE03-F2940EC5EF0B}
		{5813CA0E-11A2-4902-B65C-EB88B76CC3E9} = {943B59B9-6C0A-41D3-88F1-42D9FF08EC76}
		{2367C5A8-81D5-4108-87CE-DDC8F7C85EDD} = {12BFF95E-5C43-4707-B129-F33A2876872F}
		{2169D157-7C25-423C-B026-D194F775F05A} = {46F93189-CBEB-4D2A-BBF5-0938A94719EB}
		{51EE48D5-4383-48DA-B308-6AE06989CA0A} = {46F93189-CBEB-4D2A-BBF5-0938A94719EB}
		{26DB8827-BBB3-4289-ADC7-0150A4CF2108} = {943B59B9-6C0A-41D3-88F1-42D9FF08EC76}
	EndGlobalSection
	GlobalSection(ExtensibilityGlobals) = postSolution
		SolutionGuid = {983DF906-986C-4DC1-9980-19B95A82D260}
	EndGlobalSection
EndGlobal
